github.com/graph-gophers/graphql-go v0.0.0-20201113091052-beb923fada29 h1:sezaKhEfPFg8W0Enm61B9Gs911H8iesGY5R8NDPtd1M=
github.com/graph-gophers/graphql-go v0.0.0-20201113091052-beb923fada29/go.mod h1:9CQHMSxwO4MprSdzoIEobiHpoLtHm77vfxsvsIN5Vuc=
github.com/graphql-go/graphql v0.7.9 h1:5Va/Rt4l5g3YjwDnid3vFfn43faaQBq7rMcIZ0VnV34=
github.com/graphql-go/graphql v0.7.9/go.mod h1:k6yrAYQaSP59DC5UVxbgxESlmVyojThKdORUqGDGmrI=
github.com/graphql-go/handler v0.2.3 h1:CANh8WPnl5M9uA25c2GBhPqJhE53Fg0Iue/fRNla71E=
github.com/graphql-go/handler v0.2.3/go.mod h1:leLF6RpV5uZMN1CdImAxuiayrYYhOk33bZciaUGaXeU=
github.com/graphql-go/relay v0.0.0-20171208134043-54350098cfe5 h1:7fNeIw+3vvQjnJWi+ayQfpz8Y1l788ZGsvrP7cGBG2M=
github.com/graphql-go/relay v0.0.0-20171208134043-54350098cfe5/go.mod h1:JaXUeU9JGLA7FGTZJ254WFzDz8NMfE9Pym6ipTmFnP4=
github.com/kr/pretty v0.2.1 h1:Fmg33tUaq4/8ym9TJN1x7sLJnHVwhP33CNkpYV/7rwI=
github.com/kr/pretty v0.2.1/go.mod h1:ipq/a2n7PKx3OHsz4KJII5eveXtPO4qwEXGdVfWzfnI=
github.com/kr/pty v1.1.1/go.mod h1:pFQYn66WHrOpPYNljwOMqo10TkYh1fy3cYio2l3bCsQ=
github.com/kr/text v0.1.0 h1:45sCR5RtlFHMR4UwH9sdQ5TC8v0qDQCHnXt+kaKSTVE=
github.com/kr/text v0.1.0/go.mod h1:4Jbv+DJW3UT/LiOwJeYQe1efqtUx/iVham/4vfdArNI=
github.com/opentracing/opentracing-go v1.1.0 h1:pWlfV3Bxv7k65HYwkikxat0+s3pV4bsqf19k25Ur8rU=
github.com/opentracing/opentracing-go v1.1.0/go.mod h1:UkNAQd3GIcIGf0SeVgPpRdFStlNbqXla1AfSYxPUl2o=
golang.org/x/net v0.0.0-20210119194325-5f4716e94777 h1:003p0dJM77cxMSyCPFphvZf/Y5/NXf5fzg6ufd1/Oew=
golang.org/x/net v0.0.0-20210119194325-5f4716e94777/go.mod h1:m0MpNAwzfU5UDzcl9v0D8zg8gWTRqZa9RBIspLL5mdg=
golang.org/x/sys v0.0.0-20201119102817-f84b799fce68/go.mod h1:h1NjWce9XRLGQEsW7wpKNCjG9DtNlClVuFLEZdDNbEs=
golang.org/x/term v0.0.0-20201126162022-7de9c90e9dd1/go.mod h1:bj7SfCRtBDWHUb9snDiAeCFNEtKQo2Wmx5Cou7ajbmo=
golang.org/x/text v0.3.3/go.mod h1:5Zoc/QRtKVWzQhOtBMvqHzDpF6irO9z98xDceosuGiQ=
golang.org/x/tools v0.0.0-20180917221912-90fa682c2a6e/go.mod h1:n7NCudcB/nEzxVGmLbDWY5pfWTLqBcC2KZ6jyYvM4mQ=
periph.io/x/conn v0.0.0-20201229155756-6ef5117d7267 h1:hE3SnWytl/gaEF70qlWN5YREopMsvsJB4vLkWXZKZQg=
periph.io/x/conn v0.0.2 h1:Skl3egL0ON+ihyPojXbX3HIpwESBvt2QsOtZo5fGLVQ=
periph.io/x/conn/v3 v3.6.7 h1:hem/gzoUI0tnvdJOJAk+XLBhqBGX9sHkwShBXRGGy0k=
periph.io/x/conn/v3 v3.6.7/go.mod h1:3OD27w9YVa5DS97VsUxsPGzD9Qrm5Ny7cF5b6xMMIWg=
periph.io/x/devices v0.0.0-20201229164854-50dea9a96387 h1:GrJDbWCoZ/E2YsoBKLA0qKMF/UZhfRrRB9LgN9HQvBU=
periph.io/x/devices v0.0.1 h1:ABF2n9GBl2C0Hyp0iyZzE/QcunyTKf1GTIOqSRwwEVI=
periph.io/x/devices/v3 v3.6.7 h1:tcFqLm9GoBEPN4/GEIT+h83Olx8uKr7958OfRPrxUa0=
periph.io/x/devices/v3 v3.6.7/go.mod h1:ksNhprS50hcU0e2WWvQrOZzp4PISN5+lgtvhtPI5x+g=
periph.io/x/host v0.0.1 h1:xE83x4KluTcn3rjzOJ+IGls3L0TzlwVbcoEoNLQ70Cc=
periph.io/x/host v0.0.1/go.mod h1:ciJdiIdqJlpusUyjb0mKFzlhNJl14eFDJtqtNLnkgr8=
periph.io/x/host/v3 v3.6.7 h1:hUVkGKJ235XocQIRiITxSmP8TT8f27oiN7R2dJkomIE=
periph.io/x/host/v3 v3.6.7/go.mod h1:wO+N7Q6qU1Pp9EXBfyV9t7kPAlvZxYoJl4ptK62qhSY=
periph.io/x/periph v1.0.0 h1:bwoS1Re14o6WinWbTuZuwX9Yh/5Rco4iNCl/CA+Kca8=
periph.io/x/periph v3.6.7+incompatible h1:ZfRdHbcxVekgSJZmxp3873YpxNdWs6wg7waDCF7GB18=
periph.io/x/periph v3.6.7+incompatible/go.mod h1:EWr+FCIU2dBWz5/wSWeiIUJTriYv9v2j2ENBmgYyy7Y=
